
Microsoft Visual Studio Solution File, Format Version 12.00
# Visual Studio Version 17
VisualStudioVersion = 17.12.35506.116
MinimumVisualStudioVersion = 10.0.40219.1
Project("{FAE04EC0-301F-11D3-BF4B-00C04F79EFBC}") = "SystemTestToolkit.Extension", "SystemTestToolkit.Extension\SystemTestToolkit.Extension.csproj", "{FA4D4FC2-A55B-419E-9E55-FBCD5F6484CC}"
EndProject
Project("{FAE04EC0-301F-11D3-BF4B-00C04F79EFBC}") = "SystemTestToolkit.ProjectTemplates", "SystemTestToolkit.ProjectTemplates\SystemTestToolkit.ProjectTemplates.csproj", "{D283E124-DA73-40BC-9CDF-F817B26AF120}"
EndProject
Global
	GlobalSection(SolutionConfigurationPlatforms) = preSolution
		Debug|Any CPU = Debug|Any CPU
		Debug|arm64 = Debug|arm64
		Debug|x86 = Debug|x86
		Release|Any CPU = Release|Any CPU
		Release|arm64 = Release|arm64
		Release|x86 = Release|x86
	EndGlobalSection
	GlobalSection(ProjectConfigurationPlatforms) = postSolution
		{FA4D4FC2-A55B-419E-9E55-FBCD5F6484CC}.Debug|Any CPU.ActiveCfg = Debug|Any CPU
		{FA4D4FC2-A55B-419E-9E55-FBCD5F6484CC}.Debug|Any CPU.Build.0 = Debug|Any CPU
		{FA4D4FC2-A55B-419E-9E55-FBCD5F6484CC}.Debug|arm64.ActiveCfg = Debug|arm64
		{FA4D4FC2-A55B-419E-9E55-FBCD5F6484CC}.Debug|arm64.Build.0 = Debug|arm64
		{FA4D4FC2-A55B-419E-9E55-FBCD5F6484CC}.Debug|x86.ActiveCfg = Debug|x86
		{FA4D4FC2-A55B-419E-9E55-FBCD5F6484CC}.Debug|x86.Build.0 = Debug|x86
		{FA4D4FC2-A55B-419E-9E55-FBCD5F6484CC}.Release|Any CPU.ActiveCfg = Release|Any CPU
		{FA4D4FC2-A55B-419E-9E55-FBCD5F6484CC}.Release|Any CPU.Build.0 = Release|Any CPU
		{FA4D4FC2-A55B-419E-9E55-FBCD5F6484CC}.Release|arm64.ActiveCfg = Release|arm64
		{FA4D4FC2-A55B-419E-9E55-FBCD5F6484CC}.Release|arm64.Build.0 = Release|arm64
		{FA4D4FC2-A55B-419E-9E55-FBCD5F6484CC}.Release|x86.ActiveCfg = Release|x86
		{FA4D4FC2-A55B-419E-9E55-FBCD5F6484CC}.Release|x86.Build.0 = Release|x86
		{D283E124-DA73-40BC-9CDF-F817B26AF120}.Debug|Any CPU.ActiveCfg = Debug|Any CPU
		{D283E124-DA73-40BC-9CDF-F817B26AF120}.Debug|Any CPU.Build.0 = Debug|Any CPU
		{D283E124-DA73-40BC-9CDF-F817B26AF120}.Debug|arm64.ActiveCfg = Debug|arm64
		{D283E124-DA73-40BC-9CDF-F817B26AF120}.Debug|arm64.Build.0 = Debug|arm64
		{D283E124-DA73-40BC-9CDF-F817B26AF120}.Debug|x86.ActiveCfg = Debug|x86
		{D283E124-DA73-40BC-9CDF-F817B26AF120}.Debug|x86.Build.0 = Debug|x86
		{D283E124-DA73-40BC-9CDF-F817B26AF120}.Release|Any CPU.ActiveCfg = Release|Any CPU
		{D283E124-DA73-40BC-9CDF-F817B26AF120}.Release|Any CPU.Build.0 = Release|Any CPU
		{D283E124-DA73-40BC-9CDF-F817B26AF120}.Release|arm64.ActiveCfg = Release|arm64
		{D283E124-DA73-40BC-9CDF-F817B26AF120}.Release|arm64.Build.0 = Release|arm64
		{D283E124-DA73-40BC-9CDF-F817B26AF120}.Release|x86.ActiveCfg = Release|x86
		{D283E124-DA73-40BC-9CDF-F817B26AF120}.Release|x86.Build.0 = Release|x86
	EndGlobalSection
	GlobalSection(SolutionProperties) = preSolution
		HideSolutionNode = FALSE
	EndGlobalSection
EndGlobal
